// !$*UTF8*$!
{
	archiveVersion = 1;
	classes = {
	};
	objectVersion = 56;
	objects = {

/* Begin PBXBuildFile section */
		6C3E5E882B911339003D4A19 /* SwiftUI_FormApp.swift in Sources */ = {isa = PBXBuildFile; fileRef = 6C3E5E872B911339003D4A19 /* SwiftUI_FormApp.swift */; };
		6C3E5E8A2B911339003D4A19 /* ContentView.swift in Sources */ = {isa = PBXBuildFile; fileRef = 6C3E5E892B911339003D4A19 /* ContentView.swift */; };
		6C3E5E8C2B91133A003D4A19 /* Assets.xcassets in Resources */ = {isa = PBXBuildFile; fileRef = 6C3E5E8B2B91133A003D4A19 /* Assets.xcassets */; };
		6C3E5E8F2B91133A003D4A19 /* Preview Assets.xcassets in Resources */ = {isa = PBXBuildFile; fileRef = 6C3E5E8E2B91133A003D4A19 /* Preview Assets.xcassets */; };
		6C7A45132B934EF700745951 /* AccessibilityButton.swift in Sources */ = {isa = PBXBuildFile; fileRef = 6C7A45122B934EF700745951 /* AccessibilityButton.swift */; };
		6C7A45152B9354A300745951 /* LabelHint.swift in Sources */ = {isa = PBXBuildFile; fileRef = 6C7A45142B9354A300745951 /* LabelHint.swift */; };
		6C7A45172B9354EE00745951 /* TestFile.swift in Sources */ = {isa = PBXBuildFile; fileRef = 6C7A45162B9354EE00745951 /* TestFile.swift */; };
		6C7A45192B9355CE00745951 /* ElementClass.swift in Sources */ = {isa = PBXBuildFile; fileRef = 6C7A45182B9355CE00745951 /* ElementClass.swift */; };
		6C84A7B02B929EFB006AF473 /* UserView.swift in Sources */ = {isa = PBXBuildFile; fileRef = 6C84A7AF2B929EFB006AF473 /* UserView.swift */; };
		6CA336172B91F6B3003C4F24 /* Accessibility.swift in Sources */ = {isa = PBXBuildFile; fileRef = 6CA336162B91F6B3003C4F24 /* Accessibility.swift */; };
		6CA336192B920B38003C4F24 /* SeanAllen.swift in Sources */ = {isa = PBXBuildFile; fileRef = 6CA336182B920B38003C4F24 /* SeanAllen.swift */; };
/* End PBXBuildFile section */

/* Begin PBXFileReference section */
		6C3E5E842B911339003D4A19 /* SwiftUI-Form.app */ = {isa = PBXFileReference; explicitFileType = wrapper.application; includeInIndex = 0; path = "SwiftUI-Form.app"; sourceTree = BUILT_PRODUCTS_DIR; };
		6C3E5E872B911339003D4A19 /* SwiftUI_FormApp.swift */ = {isa = PBXFileReference; lastKnownFileType = sourcecode.swift; path = SwiftUI_FormApp.swift; sourceTree = "<group>"; };
		6C3E5E892B911339003D4A19 /* ContentView.swift */ = {isa = PBXFileReference; lastKnownFileType = sourcecode.swift; path = ContentView.swift; sourceTree = "<group>"; };
		6C3E5E8B2B91133A003D4A19 /* Assets.xcassets */ = {isa = PBXFileReference; lastKnownFileType = folder.assetcatalog; path = Assets.xcassets; sourceTree = "<group>"; };
		6C3E5E8E2B91133A003D4A19 /* Preview Assets.xcassets */ = {isa = PBXFileReference; lastKnownFileType = folder.assetcatalog; path = "Preview Assets.xcassets"; sourceTree = "<group>"; };
		6C7A45122B934EF700745951 /* AccessibilityButton.swift */ = {isa = PBXFileReference; lastKnownFileType = sourcecode.swift; path = AccessibilityButton.swift; sourceTree = "<group>"; };
		6C7A45142B9354A300745951 /* LabelHint.swift */ = {isa = PBXFileReference; lastKnownFileType = sourcecode.swift; path = LabelHint.swift; sourceTree = "<group>"; };
		6C7A45162B9354EE00745951 /* TestFile.swift */ = {isa = PBXFileReference; lastKnownFileType = sourcecode.swift; path = TestFile.swift; sourceTree = "<group>"; };
		6C7A45182B9355CE00745951 /* ElementClass.swift */ = {isa = PBXFileReference; lastKnownFileType = sourcecode.swift; path = ElementClass.swift; sourceTree = "<group>"; };
		6C84A7AF2B929EFB006AF473 /* UserView.swift */ = {isa = PBXFileReference; lastKnownFileType = sourcecode.swift; path = UserView.swift; sourceTree = "<group>"; };
		6CA336162B91F6B3003C4F24 /* Accessibility.swift */ = {isa = PBXFileReference; lastKnownFileType = sourcecode.swift; path = Accessibility.swift; sourceTree = "<group>"; };
		6CA336182B920B38003C4F24 /* SeanAllen.swift */ = {isa = PBXFileReference; lastKnownFileType = sourcecode.swift; path = SeanAllen.swift; sourceTree = "<group>"; };
/* End PBXFileReference section */

/* Begin PBXFrameworksBuildPhase section */
		6C3E5E812B911339003D4A19 /* Frameworks */ = {
			isa = PBXFrameworksBuildPhase;
			buildActionMask = 2147483647;
			files = (
			);
			runOnlyForDeploymentPostprocessing = 0;
		};
/* End PBXFrameworksBuildPhase section */

/* Begin PBXGroup section */
		6C3E5E7B2B911339003D4A19 = {
			isa = PBXGroup;
			children = (
				6C3E5E862B911339003D4A19 /* SwiftUI-Form */,
				6C3E5E852B911339003D4A19 /* Products */,
			);
			sourceTree = "<group>";
		};
		6C3E5E852B911339003D4A19 /* Products */ = {
			isa = PBXGroup;
			children = (
				6C3E5E842B911339003D4A19 /* SwiftUI-Form.app */,
			);
			name = Products;
			sourceTree = "<group>";
		};
		6C3E5E862B911339003D4A19 /* SwiftUI-Form */ = {
			isa = PBXGroup;
			children = (
				6C3E5E872B911339003D4A19 /* SwiftUI_FormApp.swift */,
				6C3E5E892B911339003D4A19 /* ContentView.swift */,
				6CA336182B920B38003C4F24 /* SeanAllen.swift */,
				6C7A45122B934EF700745951 /* AccessibilityButton.swift */,
				6C84A7AF2B929EFB006AF473 /* UserView.swift */,
				6CA336162B91F6B3003C4F24 /* Accessibility.swift */,
				6C7A45142B9354A300745951 /* LabelHint.swift */,
				6C7A45162B9354EE00745951 /* TestFile.swift */,
				6C7A45182B9355CE00745951 /* ElementClass.swift */,
				6C3E5E8B2B91133A003D4A19 /* Assets.xcassets */,
				6C3E5E8D2B91133A003D4A19 /* Preview Content */,
			);
			path = "SwiftUI-Form";
			sourceTree = "<group>";
		};
		6C3E5E8D2B91133A003D4A19 /* Preview Content */ = {
			isa = PBXGroup;
			children = (
				6C3E5E8E2B91133A003D4A19 /* Preview Assets.xcassets */,
			);
			path = "Preview Content";
			sourceTree = "<group>";
		};
/* End PBXGroup section */

/* Begin PBXNativeTarget section */
		6C3E5E832B911339003D4A19 /* SwiftUI-Form */ = {
			isa = PBXNativeTarget;
			buildConfigurationList = 6C3E5E922B91133A003D4A19 /* Build configuration list for PBXNativeTarget "SwiftUI-Form" */;
			buildPhases = (
				6C3E5E802B911339003D4A19 /* Sources */,
				6C3E5E812B911339003D4A19 /* Frameworks */,
				6C3E5E822B911339003D4A19 /* Resources */,
			);
			buildRules = (
			);
			dependencies = (
			);
			name = "SwiftUI-Form";
			productName = "SwiftUI-Form";
			productReference = 6C3E5E842B911339003D4A19 /* SwiftUI-Form.app */;
			productType = "com.apple.product-type.application";
		};
/* End PBXNativeTarget section */

/* Begin PBXProject section */
		6C3E5E7C2B911339003D4A19 /* Project object */ = {
			isa = PBXProject;
			attributes = {
				BuildIndependentTargetsInParallel = 1;
				LastSwiftUpdateCheck = 1520;
				LastUpgradeCheck = 1520;
				TargetAttributes = {
					6C3E5E832B911339003D4A19 = {
						CreatedOnToolsVersion = 15.2;
					};
				};
			};
			buildConfigurationList = 6C3E5E7F2B911339003D4A19 /* Build configuration list for PBXProject "SwiftUI-Form" */;
			compatibilityVersion = "Xcode 14.0";
			developmentRegion = en;
			hasScannedForEncodings = 0;
			knownRegions = (
				en,
				Base,
			);
			mainGroup = 6C3E5E7B2B911339003D4A19;
			productRefGroup = 6C3E5E852B911339003D4A19 /* Products */;
			projectDirPath = "";
			projectRoot = "";
			targets = (
				6C3E5E832B911339003D4A19 /* SwiftUI-Form */,
			);
		};
/* End PBXProject section */

/* Begin PBXResourcesBuildPhase section */
		6C3E5E822B911339003D4A19 /* Resources */ = {
			isa = PBXResourcesBuildPhase;
			buildActionMask = 2147483647;
			files = (
				6C3E5E8F2B91133A003D4A19 /* Preview Assets.xcassets in Resources */,
				6C3E5E8C2B91133A003D4A19 /* Assets.xcassets in Resources */,
			);
			runOnlyForDeploymentPostprocessing = 0;
		};
/* End PBXResourcesBuildPhase section */

/* Begin PBXSourcesBuildPhase section */
		6C3E5E802B911339003D4A19 /* Sources */ = {
			isa = PBXSourcesBuildPhase;
			buildActionMask = 2147483647;
			files = (
				6C7A45132B934EF700745951 /* AccessibilityButton.swift in Sources */,
				6C7A45172B9354EE00745951 /* TestFile.swift in Sources */,
				6C7A45152B9354A300745951 /* LabelHint.swift in Sources */,
				6C3E5E8A2B911339003D4A19 /* ContentView.swift in Sources */,
				6CA336192B920B38003C4F24 /* SeanAllen.swift in Sources */,
				6C84A7B02B929EFB006AF473 /* UserView.swift in Sources */,
				6CA336172B91F6B3003C4F24 /* Accessibility.swift in Sources */,
				6C3E5E882B911339003D4A19 /* SwiftUI_FormApp.swift in Sources */,
				6C7A45192B9355CE00745951 /* ElementClass.swift in Sources */,
			);
			runOnlyForDeploymentPostprocessing = 0;
		};
/* End PBXSourcesBuildPhase section */

/* Begin XCBuildConfiguration section */
		6C3E5E902B91133A003D4A19 /* Debug */ = {
			isa = XCBuildConfiguration;
			buildSettings = {
				ALWAYS_SEARCH_USER_PATHS = NO;
				ASSETCATALOG_COMPILER_GENERATE_SWIFT_ASSET_SYMBOL_EXTENSIONS = YES;
				CLANG_ANALYZER_NONNULL = YES;
				CLANG_ANALYZER_NUMBER_OBJECT_CONVERSION = YES_AGGRESSIVE;
				CLANG_CXX_LANGUAGE_STANDARD = "gnu++20";
				CLANG_ENABLE_MODULES = YES;
				CLANG_ENABLE_OBJC_ARC = YES;
				CLANG_ENABLE_OBJC_WEAK = YES;
				CLANG_WARN_BLOCK_CAPTURE_AUTORELEASING = YES;
				CLANG_WARN_BOOL_CONVERSION = YES;
				CLANG_WARN_COMMA = YES;
				CLANG_WARN_CONSTANT_CONVERSION = YES;
				CLANG_WARN_DEPRECATED_OBJC_IMPLEMENTATIONS = YES;
				CLANG_WARN_DIRECT_OBJC_ISA_USAGE = YES_ERROR;
				CLANG_WARN_DOCUMENTATION_COMMENTS = YES;
				CLANG_WARN_EMPTY_BODY = YES;
				CLANG_WARN_ENUM_CONVERSION = YES;
				CLANG_WARN_INFINITE_RECURSION = YES;
				CLANG_WARN_INT_CONVERSION = YES;
				CLANG_WARN_NON_LITERAL_NULL_CONVERSION = YES;
				CLANG_WARN_OBJC_IMPLICIT_RETAIN_SELF = YES;
				CLANG_WARN_OBJC_LITERAL_CONVERSION = YES;
				CLANG_WARN_OBJC_ROOT_CLASS = YES_ERROR;
				CLANG_WARN_QUOTED_INCLUDE_IN_FRAMEWORK_HEADER = YES;
				CLANG_WARN_RANGE_LOOP_ANALYSIS = YES;
				CLANG_WARN_STRICT_PROTOTYPES = YES;
				CLANG_WARN_SUSPICIOUS_MOVE = YES;
				CLANG_WARN_UNGUARDED_AVAILABILITY = YES_AGGRESSIVE;
				CLANG_WARN_UNREACHABLE_CODE = YES;
				CLANG_WARN__DUPLICATE_METHOD_MATCH = YES;
				COPY_PHASE_STRIP = NO;
				DEBUG_INFORMATION_FORMAT = dwarf;
				ENABLE_STRICT_OBJC_MSGSEND = YES;
				ENABLE_TESTABILITY = YES;
				ENABLE_USER_SCRIPT_SANDBOXING = YES;
				GCC_C_LANGUAGE_STANDARD = gnu17;
				GCC_DYNAMIC_NO_PIC = NO;
				GCC_NO_COMMON_BLOCKS = YES;
				GCC_OPTIMIZATION_LEVEL = 0;
				GCC_PREPROCESSOR_DEFINITIONS = (
					"DEBUG=1",
					"$(inherited)",
				);
				GCC_WARN_64_TO_32_BIT_CONVERSION = YES;
				GCC_WARN_ABOUT_RETURN_TYPE = YES_ERROR;
				GCC_WARN_UNDECLARED_SELECTOR = YES;
				GCC_WARN_UNINITIALIZED_AUTOS = YES_AGGRESSIVE;
				GCC_WARN_UNUSED_FUNCTION = YES;
				GCC_WARN_UNUSED_VARIABLE = YES;
				IPHONEOS_DEPLOYMENT_TARGET = 17.2;
				LOCALIZATION_PREFERS_STRING_CATALOGS = YES;
				MTL_ENABLE_DEBUG_INFO = INCLUDE_SOURCE;
				MTL_FAST_MATH = YES;
				ONLY_ACTIVE_ARCH = YES;
				SDKROOT = iphoneos;
				SWIFT_ACTIVE_COMPILATION_CONDITIONS = "DEBUG $(inherited)";
				SWIFT_OPTIMIZATION_LEVEL = "-Onone";
			};
			name = Debug;
		};
		6C3E5E912B91133A003D4A19 /* Release */ = {
			isa = XCBuildConfiguration;
			buildSettings = {
				ALWAYS_SEARCH_USER_PATHS = NO;
				ASSETCATALOG_COMPILER_GENERATE_SWIFT_ASSET_SYMBOL_EXTENSIONS = YES;
				CLANG_ANALYZER_NONNULL = YES;
				CLANG_ANALYZER_NUMBER_OBJECT_CONVERSION = YES_AGGRESSIVE;
				CLANG_CXX_LANGUAGE_STANDARD = "gnu++20";
				CLANG_ENABLE_MODULES = YES;
				CLANG_ENABLE_OBJC_ARC = YES;
				CLANG_ENABLE_OBJC_WEAK = YES;
				CLANG_WARN_BLOCK_CAPTURE_AUTORELEASING = YES;
				CLANG_WARN_BOOL_CONVERSION = YES;
				CLANG_WARN_COMMA = YES;
				CLANG_WARN_CONSTANT_CONVERSION = YES;
				CLANG_WARN_DEPRECATED_OBJC_IMPLEMENTATIONS = YES;
				CLANG_WARN_DIRECT_OBJC_ISA_USAGE = YES_ERROR;
				CLANG_WARN_DOCUMENTATION_COMMENTS = YES;
				CLANG_WARN_EMPTY_BODY = YES;
				CLANG_WARN_ENUM_CONVERSION = YES;
				CLANG_WARN_INFINITE_RECURSION = YES;
				CLANG_WARN_INT_CONVERSION = YES;
				CLANG_WARN_NON_LITERAL_NULL_CONVERSION = YES;
				CLANG_WARN_OBJC_IMPLICIT_RETAIN_SELF = YES;
				CLANG_WARN_OBJC_LITERAL_CONVERSION = YES;
				CLANG_WARN_OBJC_ROOT_CLASS = YES_ERROR;
				CLANG_WARN_QUOTED_INCLUDE_IN_FRAMEWORK_HEADER = YES;
				CLANG_WARN_RANGE_LOOP_ANALYSIS = YES;
				CLANG_WARN_STRICT_PROTOTYPES = YES;
				CLANG_WARN_SUSPICIOUS_MOVE = YES;
				CLANG_WARN_UNGUARDED_AVAILABILITY = YES_AGGRESSIVE;
				CLANG_WARN_UNREACHABLE_CODE = YES;
				CLANG_WARN__DUPLICATE_METHOD_MATCH = YES;
				COPY_PHASE_STRIP = NO;
				DEBUG_INFORMATION_FORMAT = "dwarf-with-dsym";
				ENABLE_NS_ASSERTIONS = NO;
				ENABLE_STRICT_OBJC_MSGSEND = YES;
				ENABLE_USER_SCRIPT_SANDBOXING = YES;
				GCC_C_LANGUAGE_STANDARD = gnu17;
				GCC_NO_COMMON_BLOCKS = YES;
				GCC_WARN_64_TO_32_BIT_CONVERSION = YES;
				GCC_WARN_ABOUT_RETURN_TYPE = YES_ERROR;
				GCC_WARN_UNDECLARED_SELECTOR = YES;
				GCC_WARN_UNINITIALIZED_AUTOS = YES_AGGRESSIVE;
				GCC_WARN_UNUSED_FUNCTION = YES;
				GCC_WARN_UNUSED_VARIABLE = YES;
				IPHONEOS_DEPLOYMENT_TARGET = 17.2;
				LOCALIZATION_PREFERS_STRING_CATALOGS = YES;
				MTL_ENABLE_DEBUG_INFO = NO;
				MTL_FAST_MATH = YES;
				SDKROOT = iphoneos;
				SWIFT_COMPILATION_MODE = wholemodule;
				VALIDATE_PRODUCT = YES;
			};
			name = Release;
		};
		6C3E5E932B91133A003D4A19 /* Debug */ = {
			isa = XCBuildConfiguration;
			buildSettings = {
				ASSETCATALOG_COMPILER_APPICON_NAME = AppIcon;
				ASSETCATALOG_COMPILER_GLOBAL_ACCENT_COLOR_NAME = AccentColor;
				CODE_SIGN_STYLE = Automatic;
				CURRENT_PROJECT_VERSION = 1;
				DEVELOPMENT_ASSET_PATHS = "\"SwiftUI-Form/Preview Content\"";
				DEVELOPMENT_TEAM = 7G8V862PN5;
				ENABLE_PREVIEWS = YES;
				GENERATE_INFOPLIST_FILE = YES;
				INFOPLIST_KEY_UIApplicationSceneManifest_Generation = YES;
				INFOPLIST_KEY_UIApplicationSupportsIndirectInputEvents = YES;
				INFOPLIST_KEY_UILaunchScreen_Generation = YES;
				INFOPLIST_KEY_UISupportedInterfaceOrientations_iPad = "UIInterfaceOrientationPortrait UIInterfaceOrientationPortraitUpsideDown UIInterfaceOrientationLandscapeLeft UIInterfaceOrientationLandscapeRight";
				INFOPLIST_KEY_UISupportedInterfaceOrientations_iPhone = "UIInterfaceOrientationPortrait UIInterfaceOrientationLandscapeLeft UIInterfaceOrientationLandscapeRight";
				IPHONEOS_DEPLOYMENT_TARGET = 17.1;
				LD_RUNPATH_SEARCH_PATHS = (
					"$(inherited)",
					"@executable_path/Frameworks",
				);
				MARKETING_VERSION = 1.0;
				PRODUCT_BUNDLE_IDENTIFIER = "Universal-Approach.SwiftUI-Form";
				PRODUCT_NAME = "$(TARGET_NAME)";
				SWIFT_EMIT_LOC_STRINGS = YES;
				SWIFT_VERSION = 5.0;
				TARGETED_DEVICE_FAMILY = "1,2";
			};
			name = Debug;
		};
		6C3E5E942B91133A003D4A19 /* Release */ = {
			isa = XCBuildConfiguration;
			buildSettings = {
				ASSETCATALOG_COMPILER_APPICON_NAME = AppIcon;
				ASSETCATALOG_COMPILER_GLOBAL_ACCENT_COLOR_NAME = AccentColor;
				CODE_SIGN_STYLE = Automatic;
				CURRENT_PROJECT_VERSION = 1;
				DEVELOPMENT_ASSET_PATHS = "\"SwiftUI-Form/Preview Content\"";
				DEVELOPMENT_TEAM = 7G8V862PN5;
				ENABLE_PREVIEWS = YES;
				GENERATE_INFOPLIST_FILE = YES;
				INFOPLIST_KEY_UIApplicationSceneManifest_Generation = YES;
				INFOPLIST_KEY_UIApplicationSupportsIndirectInputEvents = YES;
				INFOPLIST_KEY_UILaunchScreen_Generation = YES;
				INFOPLIST_KEY_UISupportedInterfaceOrientations_iPad = "UIInterfaceOrientationPortrait UIInterfaceOrientationPortraitUpsideDown UIInterfaceOrientationLandscapeLeft UIInterfaceOrientationLandscapeRight";
				INFOPLIST_KEY_UISupportedInterfaceOrientations_iPhone = "UIInterfaceOrientationPortrait UIInterfaceOrientationLandscapeLeft UIInterfaceOrientationLandscapeRight";
				IPHONEOS_DEPLOYMENT_TARGET = 17.1;
				LD_RUNPATH_SEARCH_PATHS = (
					"$(inherited)",
					"@executable_path/Frameworks",
				);
				MARKETING_VERSION = 1.0;
				PRODUCT_BUNDLE_IDENTIFIER = "Universal-Approach.SwiftUI-Form";
				PRODUCT_NAME = "$(TARGET_NAME)";
				SWIFT_EMIT_LOC_STRINGS = YES;
				SWIFT_VERSION = 5.0;
				TARGETED_DEVICE_FAMILY = "1,2";
			};
			name = Release;
		};
/* End XCBuildConfiguration section */

/* Begin XCConfigurationList section */
		6C3E5E7F2B911339003D4A19 /* Build configuration list for PBXProject "SwiftUI-Form" */ = {
			isa = XCConfigurationList;
			buildConfigurations = (
				6C3E5E902B91133A003D4A19 /* Debug */,
				6C3E5E912B91133A003D4A19 /* Release */,
			);
			defaultConfigurationIsVisible = 0;
			defaultConfigurationName = Release;
		};
		6C3E5E922B91133A003D4A19 /* Build configuration list for PBXNativeTarget "SwiftUI-Form" */ = {
			isa = XCConfigurationList;
			buildConfigurations = (
				6C3E5E932B91133A003D4A19 /* Debug */,
				6C3E5E942B91133A003D4A19 /* Release */,
			);
			defaultConfigurationIsVisible = 0;
			defaultConfigurationName = Release;
		};
/* End XCConfigurationList section */
	};
	rootObject = 6C3E5E7C2B911339003D4A19 /* Project object */;
}
